# @generated by Move, please check-in and do not edit manually.

[move]
version = 2
manifest_digest = "9236573C972DBA091017ABDF72039E014424F5A40231739D9032C486BD0B642B"
deps_digest = "3C4103934B1E040BB6B23F1D610B4EF9F2F1166A50A104EADCF77467C004C600"
dependencies = [
  { name = "Sui" },
  { name = "discover" },
]

[[move.package]]
name = "MoveStdlib"
source = { git = "https://github.com/MystenLabs/sui.git", rev = "framework/testnet", subdir = "crates/sui-framework/packages/move-stdlib" }

[[move.package]]
name = "Sui"
source = { git = "https://github.com/MystenLabs/sui.git", rev = "framework/testnet", subdir = "crates/sui-framework/packages/sui-framework" }

dependencies = [
  { name = "MoveStdlib" },
]

[[move.package]]
name = "discover"
source = { git = "https://github.com/0xWrapper/discover.git", rev = "sui/testnet", subdir = "sui/discover" }

dependencies = [
  { name = "Sui" },
]

[move.toolchain-version]
compiler-version = "1.27.2"
edition = "2024.beta"
flavor = "sui"

[env]

[env.test]
chain-id = "4c78adac"
original-published-id = "0x8356b1b03b46d7b70aa3202a1656e6302262b07adc43680220a864be1cd96e6b"
latest-published-id = "0x0b5ecf3fa9879c2bf118fac4831bee857bea5d352842b32afcf8fa2513e2c3b6"
published-version = "2"

[env.localnet]
chain-id = "a85b49d7"
original-published-id = "0x438caace696e62e06e0a5bc87c8514fd693d05411184969f62b149ebc70269af"
latest-published-id = "0x438caace696e62e06e0a5bc87c8514fd693d05411184969f62b149ebc70269af"
published-version = "1"
